// !$*UTF8*$!
{
	archiveVersion = 1;
	classes = {
	};
	objectVersion = 55;
	objects = {

/* Begin PBXBuildFile section */
		39A60E9D965CBE0B360C1FA1 /* Pods_notipush.framework in Frameworks */ = {isa = PBXBuildFile; fileRef = 4C89E338F7BF873552C66B0A /* Pods_notipush.framework */; };
		7D3F66762848295900120E99 /* Extension.swift in Sources */ = {isa = PBXBuildFile; fileRef = 7D3F66752848295900120E99 /* Extension.swift */; };
		7D3F667A28483A5700120E99 /* ModalViewController.swift in Sources */ = {isa = PBXBuildFile; fileRef = 7D3F667928483A5700120E99 /* ModalViewController.swift */; };
		7D3F667E284844EB00120E99 /* ModalViewButtonDelegate.swift in Sources */ = {isa = PBXBuildFile; fileRef = 7D3F667D284844EB00120E99 /* ModalViewButtonDelegate.swift */; };
		7D3F66802848780700120E99 /* StoreKit.framework in Frameworks */ = {isa = PBXBuildFile; fileRef = 7D3F667F2848780700120E99 /* StoreKit.framework */; };
		7D3F668328487B8D00120E99 /* AppStoreClass.swift in Sources */ = {isa = PBXBuildFile; fileRef = 7D3F668228487B8D00120E99 /* AppStoreClass.swift */; };
		7D6FA7D228329904003A199C /* AppDelegate.swift in Sources */ = {isa = PBXBuildFile; fileRef = 7D6FA7D128329904003A199C /* AppDelegate.swift */; };
		7D6FA7D428329904003A199C /* SceneDelegate.swift in Sources */ = {isa = PBXBuildFile; fileRef = 7D6FA7D328329904003A199C /* SceneDelegate.swift */; };
		7D6FA7D628329904003A199C /* ViewController.swift in Sources */ = {isa = PBXBuildFile; fileRef = 7D6FA7D528329904003A199C /* ViewController.swift */; };
		7D6FA7D928329904003A199C /* Main.storyboard in Resources */ = {isa = PBXBuildFile; fileRef = 7D6FA7D728329904003A199C /* Main.storyboard */; };
		7D6FA7DB28329906003A199C /* Assets.xcassets in Resources */ = {isa = PBXBuildFile; fileRef = 7D6FA7DA28329906003A199C /* Assets.xcassets */; };
		7D6FA7DE28329906003A199C /* LaunchScreen.storyboard in Resources */ = {isa = PBXBuildFile; fileRef = 7D6FA7DC28329906003A199C /* LaunchScreen.storyboard */; };
		7D6FA7E928329906003A199C /* notipushTests.swift in Sources */ = {isa = PBXBuildFile; fileRef = 7D6FA7E828329906003A199C /* notipushTests.swift */; };
		7D6FA7F328329906003A199C /* notipushUITests.swift in Sources */ = {isa = PBXBuildFile; fileRef = 7D6FA7F228329906003A199C /* notipushUITests.swift */; };
		7D6FA7F528329906003A199C /* notipushUITestsLaunchTests.swift in Sources */ = {isa = PBXBuildFile; fileRef = 7D6FA7F428329906003A199C /* notipushUITestsLaunchTests.swift */; };
		7DF5B09328448DE500198D25 /* AppConstants.swift in Sources */ = {isa = PBXBuildFile; fileRef = 7DF5B09228448DE500198D25 /* AppConstants.swift */; };
		CD864309D517DD4777829668 /* Pods_notipush_notipushUITests.framework in Frameworks */ = {isa = PBXBuildFile; fileRef = 72194E8159FC5E1E01597C4D /* Pods_notipush_notipushUITests.framework */; };
		FC5502E609BB286213B6D7AE /* Pods_notipushTests.framework in Frameworks */ = {isa = PBXBuildFile; fileRef = 37329E16DD01ABAFDA21C3B3 /* Pods_notipushTests.framework */; };
/* End PBXBuildFile section */

/* Begin PBXContainerItemProxy section */
		7D6FA7E528329906003A199C /* PBXContainerItemProxy */ = {
			isa = PBXContainerItemProxy;
			containerPortal = 7D6FA7C628329904003A199C /* Project object */;
			proxyType = 1;
			remoteGlobalIDString = 7D6FA7CD28329904003A199C;
			remoteInfo = notipush;
		};
		7D6FA7EF28329906003A199C /* PBXContainerItemProxy */ = {
			isa = PBXContainerItemProxy;
			containerPortal = 7D6FA7C628329904003A199C /* Project object */;
			proxyType = 1;
			remoteGlobalIDString = 7D6FA7CD28329904003A199C;
			remoteInfo = notipush;
		};
/* End PBXContainerItemProxy section */

/* Begin PBXFileReference section */
		1F348A1CD3B03A6C254C5141 /* Pods-notipush.debug.xcconfig */ = {isa = PBXFileReference; includeInIndex = 1; lastKnownFileType = text.xcconfig; name = "Pods-notipush.debug.xcconfig"; path = "Target Support Files/Pods-notipush/Pods-notipush.debug.xcconfig"; sourceTree = "<group>"; };
		37329E16DD01ABAFDA21C3B3 /* Pods_notipushTests.framework */ = {isa = PBXFileReference; explicitFileType = wrapper.framework; includeInIndex = 0; path = Pods_notipushTests.framework; sourceTree = BUILT_PRODUCTS_DIR; };
		37E0FFF21785CD4D20F810D1 /* Pods-notipush.release.xcconfig */ = {isa = PBXFileReference; includeInIndex = 1; lastKnownFileType = text.xcconfig; name = "Pods-notipush.release.xcconfig"; path = "Target Support Files/Pods-notipush/Pods-notipush.release.xcconfig"; sourceTree = "<group>"; };
		3A5A8D5C58FEDDF3DAE4D855 /* Pods-notipushTests.release.xcconfig */ = {isa = PBXFileReference; includeInIndex = 1; lastKnownFileType = text.xcconfig; name = "Pods-notipushTests.release.xcconfig"; path = "Target Support Files/Pods-notipushTests/Pods-notipushTests.release.xcconfig"; sourceTree = "<group>"; };
		44064906F6E3596724BE3E32 /* Pods-notipush-notipushUITests.debug.xcconfig */ = {isa = PBXFileReference; includeInIndex = 1; lastKnownFileType = text.xcconfig; name = "Pods-notipush-notipushUITests.debug.xcconfig"; path = "Target Support Files/Pods-notipush-notipushUITests/Pods-notipush-notipushUITests.debug.xcconfig"; sourceTree = "<group>"; };
		4C89E338F7BF873552C66B0A /* Pods_notipush.framework */ = {isa = PBXFileReference; explicitFileType = wrapper.framework; includeInIndex = 0; path = Pods_notipush.framework; sourceTree = BUILT_PRODUCTS_DIR; };
		72194E8159FC5E1E01597C4D /* Pods_notipush_notipushUITests.framework */ = {isa = PBXFileReference; explicitFileType = wrapper.framework; includeInIndex = 0; path = Pods_notipush_notipushUITests.framework; sourceTree = BUILT_PRODUCTS_DIR; };
		7D3F66752848295900120E99 /* Extension.swift */ = {isa = PBXFileReference; lastKnownFileType = sourcecode.swift; path = Extension.swift; sourceTree = "<group>"; };
		7D3F667928483A5700120E99 /* ModalViewController.swift */ = {isa = PBXFileReference; lastKnownFileType = sourcecode.swift; path = ModalViewController.swift; sourceTree = "<group>"; };
		7D3F667D284844EB00120E99 /* ModalViewButtonDelegate.swift */ = {isa = PBXFileReference; fileEncoding = 4; lastKnownFileType = sourcecode.swift; path = ModalViewButtonDelegate.swift; sourceTree = "<group>"; };
		7D3F667F2848780700120E99 /* StoreKit.framework */ = {isa = PBXFileReference; lastKnownFileType = wrapper.framework; name = StoreKit.framework; path = System/Library/Frameworks/StoreKit.framework; sourceTree = SDKROOT; };
		7D3F66812848784C00120E99 /* Configuration.storekit */ = {isa = PBXFileReference; lastKnownFileType = text; path = Configuration.storekit; sourceTree = "<group>"; };
		7D3F668228487B8D00120E99 /* AppStoreClass.swift */ = {isa = PBXFileReference; lastKnownFileType = sourcecode.swift; path = AppStoreClass.swift; sourceTree = "<group>"; };
		7D6FA7CE28329904003A199C /* notipush.app */ = {isa = PBXFileReference; explicitFileType = wrapper.application; includeInIndex = 0; path = notipush.app; sourceTree = BUILT_PRODUCTS_DIR; };
		7D6FA7D128329904003A199C /* AppDelegate.swift */ = {isa = PBXFileReference; lastKnownFileType = sourcecode.swift; path = AppDelegate.swift; sourceTree = "<group>"; };
		7D6FA7D328329904003A199C /* SceneDelegate.swift */ = {isa = PBXFileReference; lastKnownFileType = sourcecode.swift; path = SceneDelegate.swift; sourceTree = "<group>"; };
		7D6FA7D528329904003A199C /* ViewController.swift */ = {isa = PBXFileReference; lastKnownFileType = sourcecode.swift; path = ViewController.swift; sourceTree = "<group>"; };
		7D6FA7D828329904003A199C /* Base */ = {isa = PBXFileReference; lastKnownFileType = file.storyboard; name = Base; path = Base.lproj/Main.storyboard; sourceTree = "<group>"; };
		7D6FA7DA28329906003A199C /* Assets.xcassets */ = {isa = PBXFileReference; lastKnownFileType = folder.assetcatalog; path = Assets.xcassets; sourceTree = "<group>"; };
		7D6FA7DD28329906003A199C /* Base */ = {isa = PBXFileReference; lastKnownFileType = file.storyboard; name = Base; path = Base.lproj/LaunchScreen.storyboard; sourceTree = "<group>"; };
		7D6FA7DF28329906003A199C /* Info.plist */ = {isa = PBXFileReference; lastKnownFileType = text.plist.xml; path = Info.plist; sourceTree = "<group>"; };
		7D6FA7E428329906003A199C /* notipushTests.xctest */ = {isa = PBXFileReference; explicitFileType = wrapper.cfbundle; includeInIndex = 0; path = notipushTests.xctest; sourceTree = BUILT_PRODUCTS_DIR; };
		7D6FA7E828329906003A199C /* notipushTests.swift */ = {isa = PBXFileReference; lastKnownFileType = sourcecode.swift; path = notipushTests.swift; sourceTree = "<group>"; };
		7D6FA7EE28329906003A199C /* notipushUITests.xctest */ = {isa = PBXFileReference; explicitFileType = wrapper.cfbundle; includeInIndex = 0; path = notipushUITests.xctest; sourceTree = BUILT_PRODUCTS_DIR; };
		7D6FA7F228329906003A199C /* notipushUITests.swift */ = {isa = PBXFileReference; lastKnownFileType = sourcecode.swift; path = notipushUITests.swift; sourceTree = "<group>"; };
		7D6FA7F428329906003A199C /* notipushUITestsLaunchTests.swift */ = {isa = PBXFileReference; lastKnownFileType = sourcecode.swift; path = notipushUITestsLaunchTests.swift; sourceTree = "<group>"; };
		7DB0F2DB28352DF3005F69A1 /* notipush.entitlements */ = {isa = PBXFileReference; lastKnownFileType = text.plist.entitlements; path = notipush.entitlements; sourceTree = "<group>"; };
		7DF5B0902840C07700198D25 /* ja */ = {isa = PBXFileReference; lastKnownFileType = text.plist.strings; name = ja; path = ja.lproj/Main.strings; sourceTree = "<group>"; };
		7DF5B0912840C07700198D25 /* ja */ = {isa = PBXFileReference; lastKnownFileType = text.plist.strings; name = ja; path = ja.lproj/LaunchScreen.strings; sourceTree = "<group>"; };
		7DF5B09228448DE500198D25 /* AppConstants.swift */ = {isa = PBXFileReference; lastKnownFileType = sourcecode.swift; path = AppConstants.swift; sourceTree = "<group>"; };
		93A4C594AC8E86B5B01B7EC7 /* Pods-notipushTests.debug.xcconfig */ = {isa = PBXFileReference; includeInIndex = 1; lastKnownFileType = text.xcconfig; name = "Pods-notipushTests.debug.xcconfig"; path = "Target Support Files/Pods-notipushTests/Pods-notipushTests.debug.xcconfig"; sourceTree = "<group>"; };
		EB505E983DB767E7AE77A4DE /* Pods-notipush-notipushUITests.release.xcconfig */ = {isa = PBXFileReference; includeInIndex = 1; lastKnownFileType = text.xcconfig; name = "Pods-notipush-notipushUITests.release.xcconfig"; path = "Target Support Files/Pods-notipush-notipushUITests/Pods-notipush-notipushUITests.release.xcconfig"; sourceTree = "<group>"; };
/* End PBXFileReference section */

/* Begin PBXFrameworksBuildPhase section */
		7D6FA7CB28329904003A199C /* Frameworks */ = {
			isa = PBXFrameworksBuildPhase;
			buildActionMask = 2147483647;
			files = (
				39A60E9D965CBE0B360C1FA1 /* Pods_notipush.framework in Frameworks */,
				7D3F66802848780700120E99 /* StoreKit.framework in Frameworks */,
			);
			runOnlyForDeploymentPostprocessing = 0;
		};
		7D6FA7E128329906003A199C /* Frameworks */ = {
			isa = PBXFrameworksBuildPhase;
			buildActionMask = 2147483647;
			files = (
				FC5502E609BB286213B6D7AE /* Pods_notipushTests.framework in Frameworks */,
			);
			runOnlyForDeploymentPostprocessing = 0;
		};
		7D6FA7EB28329906003A199C /* Frameworks */ = {
			isa = PBXFrameworksBuildPhase;
			buildActionMask = 2147483647;
			files = (
				CD864309D517DD4777829668 /* Pods_notipush_notipushUITests.framework in Frameworks */,
			);
			runOnlyForDeploymentPostprocessing = 0;
		};
/* End PBXFrameworksBuildPhase section */

/* Begin PBXGroup section */
		7D6FA7C528329904003A199C = {
			isa = PBXGroup;
			children = (
				7D6FA7D028329904003A199C /* notipush */,
				7D6FA7E728329906003A199C /* notipushTests */,
				7D6FA7F128329906003A199C /* notipushUITests */,
				7D6FA7CF28329904003A199C /* Products */,
				81C2E75C5057A96437B65219 /* Pods */,
				A191E6374CA4E00B882F0DE7 /* Frameworks */,
			);
			sourceTree = "<group>";
		};
		7D6FA7CF28329904003A199C /* Products */ = {
			isa = PBXGroup;
			children = (
				7D6FA7CE28329904003A199C /* notipush.app */,
				7D6FA7E428329906003A199C /* notipushTests.xctest */,
				7D6FA7EE28329906003A199C /* notipushUITests.xctest */,
			);
			name = Products;
			sourceTree = "<group>";
		};
		7D6FA7D028329904003A199C /* notipush */ = {
			isa = PBXGroup;
			children = (
				7D3F66812848784C00120E99 /* Configuration.storekit */,
				7DB0F2DB28352DF3005F69A1 /* notipush.entitlements */,
				7D6FA7D128329904003A199C /* AppDelegate.swift */,
				7D6FA7D328329904003A199C /* SceneDelegate.swift */,
				7D6FA7D528329904003A199C /* ViewController.swift */,
				7D6FA7D728329904003A199C /* Main.storyboard */,
				7D6FA7DA28329906003A199C /* Assets.xcassets */,
				7D6FA7DC28329906003A199C /* LaunchScreen.storyboard */,
				7D6FA7DF28329906003A199C /* Info.plist */,
				7DF5B09228448DE500198D25 /* AppConstants.swift */,
				7D3F66752848295900120E99 /* Extension.swift */,
				7D3F667928483A5700120E99 /* ModalViewController.swift */,
				7D3F667D284844EB00120E99 /* ModalViewButtonDelegate.swift */,
				7D3F668228487B8D00120E99 /* AppStoreClass.swift */,
			);
			path = notipush;
			sourceTree = "<group>";
		};
		7D6FA7E728329906003A199C /* notipushTests */ = {
			isa = PBXGroup;
			children = (
				7D6FA7E828329906003A199C /* notipushTests.swift */,
			);
			path = notipushTests;
			sourceTree = "<group>";
		};
		7D6FA7F128329906003A199C /* notipushUITests */ = {
			isa = PBXGroup;
			children = (
				7D6FA7F228329906003A199C /* notipushUITests.swift */,
				7D6FA7F428329906003A199C /* notipushUITestsLaunchTests.swift */,
			);
			path = notipushUITests;
			sourceTree = "<group>";
		};
		81C2E75C5057A96437B65219 /* Pods */ = {
			isa = PBXGroup;
			children = (
				1F348A1CD3B03A6C254C5141 /* Pods-notipush.debug.xcconfig */,
				37E0FFF21785CD4D20F810D1 /* Pods-notipush.release.xcconfig */,
				44064906F6E3596724BE3E32 /* Pods-notipush-notipushUITests.debug.xcconfig */,
				EB505E983DB767E7AE77A4DE /* Pods-notipush-notipushUITests.release.xcconfig */,
				93A4C594AC8E86B5B01B7EC7 /* Pods-notipushTests.debug.xcconfig */,
				3A5A8D5C58FEDDF3DAE4D855 /* Pods-notipushTests.release.xcconfig */,
			);
			path = Pods;
			sourceTree = "<group>";
		};
		A191E6374CA4E00B882F0DE7 /* Frameworks */ = {
			isa = PBXGroup;
			children = (
				7D3F667F2848780700120E99 /* StoreKit.framework */,
				4C89E338F7BF873552C66B0A /* Pods_notipush.framework */,
				72194E8159FC5E1E01597C4D /* Pods_notipush_notipushUITests.framework */,
				37329E16DD01ABAFDA21C3B3 /* Pods_notipushTests.framework */,
			);
			name = Frameworks;
			sourceTree = "<group>";
		};
/* End PBXGroup section */

/* Begin PBXNativeTarget section */
		7D6FA7CD28329904003A199C /* notipush */ = {
			isa = PBXNativeTarget;
			buildConfigurationList = 7D6FA7F828329906003A199C /* Build configuration list for PBXNativeTarget "notipush" */;
			buildPhases = (
				B99C78379933B9D4E4AC6C0B /* [CP] Check Pods Manifest.lock */,
				7D6FA7CA28329904003A199C /* Sources */,
				7D6FA7CB28329904003A199C /* Frameworks */,
				7D6FA7CC28329904003A199C /* Resources */,
				F1C658F89902FF5F0344DB01 /* [CP] Embed Pods Frameworks */,
			);
			buildRules = (
			);
			dependencies = (
			);
			name = notipush;
			productName = notipush;
			productReference = 7D6FA7CE28329904003A199C /* notipush.app */;
			productType = "com.apple.product-type.application";
		};
		7D6FA7E328329906003A199C /* notipushTests */ = {
			isa = PBXNativeTarget;
			buildConfigurationList = 7D6FA7FB28329906003A199C /* Build configuration list for PBXNativeTarget "notipushTests" */;
			buildPhases = (
				C00AD7CB605BCA8BE962EA80 /* [CP] Check Pods Manifest.lock */,
				7D6FA7E028329906003A199C /* Sources */,
				7D6FA7E128329906003A199C /* Frameworks */,
				7D6FA7E228329906003A199C /* Resources */,
			);
			buildRules = (
			);
			dependencies = (
				7D6FA7E628329906003A199C /* PBXTargetDependency */,
			);
			name = notipushTests;
			productName = notipushTests;
			productReference = 7D6FA7E428329906003A199C /* notipushTests.xctest */;
			productType = "com.apple.product-type.bundle.unit-test";
		};
		7D6FA7ED28329906003A199C /* notipushUITests */ = {
			isa = PBXNativeTarget;
			buildConfigurationList = 7D6FA7FE28329906003A199C /* Build configuration list for PBXNativeTarget "notipushUITests" */;
			buildPhases = (
				C4A5EEF64056E09E2C72230B /* [CP] Check Pods Manifest.lock */,
				7D6FA7EA28329906003A199C /* Sources */,
				7D6FA7EB28329906003A199C /* Frameworks */,
				7D6FA7EC28329906003A199C /* Resources */,
				94DF1FC52855CA53DF1E011C /* [CP] Embed Pods Frameworks */,
			);
			buildRules = (
			);
			dependencies = (
				7D6FA7F028329906003A199C /* PBXTargetDependency */,
			);
			name = notipushUITests;
			productName = notipushUITests;
			productReference = 7D6FA7EE28329906003A199C /* notipushUITests.xctest */;
			productType = "com.apple.product-type.bundle.ui-testing";
		};
/* End PBXNativeTarget section */

/* Begin PBXProject section */
		7D6FA7C628329904003A199C /* Project object */ = {
			isa = PBXProject;
			attributes = {
				BuildIndependentTargetsInParallel = 1;
				LastSwiftUpdateCheck = 1330;
				LastUpgradeCheck = 1330;
				TargetAttributes = {
					7D6FA7CD28329904003A199C = {
						CreatedOnToolsVersion = 13.3.1;
					};
					7D6FA7E328329906003A199C = {
						CreatedOnToolsVersion = 13.3.1;
						TestTargetID = 7D6FA7CD28329904003A199C;
					};
					7D6FA7ED28329906003A199C = {
						CreatedOnToolsVersion = 13.3.1;
						TestTargetID = 7D6FA7CD28329904003A199C;
					};
				};
			};
			buildConfigurationList = 7D6FA7C928329904003A199C /* Build configuration list for PBXProject "notipush" */;
			compatibilityVersion = "Xcode 13.0";
			developmentRegion = en;
			hasScannedForEncodings = 0;
			knownRegions = (
				en,
				Base,
				ja,
			);
			mainGroup = 7D6FA7C528329904003A199C;
			productRefGroup = 7D6FA7CF28329904003A199C /* Products */;
			projectDirPath = "";
			projectRoot = "";
			targets = (
				7D6FA7CD28329904003A199C /* notipush */,
				7D6FA7E328329906003A199C /* notipushTests */,
				7D6FA7ED28329906003A199C /* notipushUITests */,
			);
		};
/* End PBXProject section */

/* Begin PBXResourcesBuildPhase section */
		7D6FA7CC28329904003A199C /* Resources */ = {
			isa = PBXResourcesBuildPhase;
			buildActionMask = 2147483647;
			files = (
				7D6FA7DE28329906003A199C /* LaunchScreen.storyboard in Resources */,
				7D6FA7DB28329906003A199C /* Assets.xcassets in Resources */,
				7D6FA7D928329904003A199C /* Main.storyboard in Resources */,
			);
			runOnlyForDeploymentPostprocessing = 0;
		};
		7D6FA7E228329906003A199C /* Resources */ = {
			isa = PBXResourcesBuildPhase;
			buildActionMask = 2147483647;
			files = (
			);
			runOnlyForDeploymentPostprocessing = 0;
		};
		7D6FA7EC28329906003A199C /* Resources */ = {
			isa = PBXResourcesBuildPhase;
			buildActionMask = 2147483647;
			files = (
			);
			runOnlyForDeploymentPostprocessing = 0;
		};
/* End PBXResourcesBuildPhase section */

/* Begin PBXShellScriptBuildPhase section */
		94DF1FC52855CA53DF1E011C /* [CP] Embed Pods Frameworks */ = {
			isa = PBXShellScriptBuildPhase;
			buildActionMask = 2147483647;
			files = (
			);
			inputFileListPaths = (
				"${PODS_ROOT}/Target Support Files/Pods-notipush-notipushUITests/Pods-notipush-notipushUITests-frameworks-${CONFIGURATION}-input-files.xcfilelist",
			);
			name = "[CP] Embed Pods Frameworks";
			outputFileListPaths = (
				"${PODS_ROOT}/Target Support Files/Pods-notipush-notipushUITests/Pods-notipush-notipushUITests-frameworks-${CONFIGURATION}-output-files.xcfilelist",
			);
			runOnlyForDeploymentPostprocessing = 0;
			shellPath = /bin/sh;
			shellScript = "\"${PODS_ROOT}/Target Support Files/Pods-notipush-notipushUITests/Pods-notipush-notipushUITests-frameworks.sh\"\n";
			showEnvVarsInLog = 0;
		};
		B99C78379933B9D4E4AC6C0B /* [CP] Check Pods Manifest.lock */ = {
			isa = PBXShellScriptBuildPhase;
			buildActionMask = 2147483647;
			files = (
			);
			inputFileListPaths = (
			);
			inputPaths = (
				"${PODS_PODFILE_DIR_PATH}/Podfile.lock",
				"${PODS_ROOT}/Manifest.lock",
			);
			name = "[CP] Check Pods Manifest.lock";
			outputFileListPaths = (
			);
			outputPaths = (
				"$(DERIVED_FILE_DIR)/Pods-notipush-checkManifestLockResult.txt",
			);
			runOnlyForDeploymentPostprocessing = 0;
			shellPath = /bin/sh;
			shellScript = "diff \"${PODS_PODFILE_DIR_PATH}/Podfile.lock\" \"${PODS_ROOT}/Manifest.lock\" > /dev/null\nif [ $? != 0 ] ; then\n    # print error to STDERR\n    echo \"error: The sandbox is not in sync with the Podfile.lock. Run 'pod install' or update your CocoaPods installation.\" >&2\n    exit 1\nfi\n# This output is used by Xcode 'outputs' to avoid re-running this script phase.\necho \"SUCCESS\" > \"${SCRIPT_OUTPUT_FILE_0}\"\n";
			showEnvVarsInLog = 0;
		};
		C00AD7CB605BCA8BE962EA80 /* [CP] Check Pods Manifest.lock */ = {
			isa = PBXShellScriptBuildPhase;
			buildActionMask = 2147483647;
			files = (
			);
			inputFileListPaths = (
			);
			inputPaths = (
				"${PODS_PODFILE_DIR_PATH}/Podfile.lock",
				"${PODS_ROOT}/Manifest.lock",
			);
			name = "[CP] Check Pods Manifest.lock";
			outputFileListPaths = (
			);
			outputPaths = (
				"$(DERIVED_FILE_DIR)/Pods-notipushTests-checkManifestLockResult.txt",
			);
			runOnlyForDeploymentPostprocessing = 0;
			shellPath = /bin/sh;
			shellScript = "diff \"${PODS_PODFILE_DIR_PATH}/Podfile.lock\" \"${PODS_ROOT}/Manifest.lock\" > /dev/null\nif [ $? != 0 ] ; then\n    # print error to STDERR\n    echo \"error: The sandbox is not in sync with the Podfile.lock. Run 'pod install' or update your CocoaPods installation.\" >&2\n    exit 1\nfi\n# This output is used by Xcode 'outputs' to avoid re-running this script phase.\necho \"SUCCESS\" > \"${SCRIPT_OUTPUT_FILE_0}\"\n";
			showEnvVarsInLog = 0;
		};
		C4A5EEF64056E09E2C72230B /* [CP] Check Pods Manifest.lock */ = {
			isa = PBXShellScriptBuildPhase;
			buildActionMask = 2147483647;
			files = (
			);
			inputFileListPaths = (
			);
			inputPaths = (
				"${PODS_PODFILE_DIR_PATH}/Podfile.lock",
				"${PODS_ROOT}/Manifest.lock",
			);
			name = "[CP] Check Pods Manifest.lock";
			outputFileListPaths = (
			);
			outputPaths = (
				"$(DERIVED_FILE_DIR)/Pods-notipush-notipushUITests-checkManifestLockResult.txt",
			);
			runOnlyForDeploymentPostprocessing = 0;
			shellPath = /bin/sh;
			shellScript = "diff \"${PODS_PODFILE_DIR_PATH}/Podfile.lock\" \"${PODS_ROOT}/Manifest.lock\" > /dev/null\nif [ $? != 0 ] ; then\n    # print error to STDERR\n    echo \"error: The sandbox is not in sync with the Podfile.lock. Run 'pod install' or update your CocoaPods installation.\" >&2\n    exit 1\nfi\n# This output is used by Xcode 'outputs' to avoid re-running this script phase.\necho \"SUCCESS\" > \"${SCRIPT_OUTPUT_FILE_0}\"\n";
			showEnvVarsInLog = 0;
		};
		F1C658F89902FF5F0344DB01 /* [CP] Embed Pods Frameworks */ = {
			isa = PBXShellScriptBuildPhase;
			buildActionMask = 2147483647;
			files = (
			);
			inputFileListPaths = (
				"${PODS_ROOT}/Target Support Files/Pods-notipush/Pods-notipush-frameworks-${CONFIGURATION}-input-files.xcfilelist",
			);
			name = "[CP] Embed Pods Frameworks";
			outputFileListPaths = (
				"${PODS_ROOT}/Target Support Files/Pods-notipush/Pods-notipush-frameworks-${CONFIGURATION}-output-files.xcfilelist",
			);
			runOnlyForDeploymentPostprocessing = 0;
			shellPath = /bin/sh;
			shellScript = "\"${PODS_ROOT}/Target Support Files/Pods-notipush/Pods-notipush-frameworks.sh\"\n";
			showEnvVarsInLog = 0;
		};
/* End PBXShellScriptBuildPhase section */

/* Begin PBXSourcesBuildPhase section */
		7D6FA7CA28329904003A199C /* Sources */ = {
			isa = PBXSourcesBuildPhase;
			buildActionMask = 2147483647;
			files = (
				7D3F66762848295900120E99 /* Extension.swift in Sources */,
				7D6FA7D628329904003A199C /* ViewController.swift in Sources */,
				7D3F668328487B8D00120E99 /* AppStoreClass.swift in Sources */,
				7D6FA7D228329904003A199C /* AppDelegate.swift in Sources */,
				7D6FA7D428329904003A199C /* SceneDelegate.swift in Sources */,
				7D3F667E284844EB00120E99 /* ModalViewButtonDelegate.swift in Sources */,
				7D3F667A28483A5700120E99 /* ModalViewController.swift in Sources */,
				7DF5B09328448DE500198D25 /* AppConstants.swift in Sources */,
			);
			runOnlyForDeploymentPostprocessing = 0;
		};
		7D6FA7E028329906003A199C /* Sources */ = {
			isa = PBXSourcesBuildPhase;
			buildActionMask = 2147483647;
			files = (
				7D6FA7E928329906003A199C /* notipushTests.swift in Sources */,
			);
			runOnlyForDeploymentPostprocessing = 0;
		};
		7D6FA7EA28329906003A199C /* Sources */ = {
			isa = PBXSourcesBuildPhase;
			buildActionMask = 2147483647;
			files = (
				7D6FA7F528329906003A199C /* notipushUITestsLaunchTests.swift in Sources */,
				7D6FA7F328329906003A199C /* notipushUITests.swift in Sources */,
			);
			runOnlyForDeploymentPostprocessing = 0;
		};
/* End PBXSourcesBuildPhase section */

/* Begin PBXTargetDependency section */
		7D6FA7E628329906003A199C /* PBXTargetDependency */ = {
			isa = PBXTargetDependency;
			target = 7D6FA7CD28329904003A199C /* notipush */;
			targetProxy = 7D6FA7E528329906003A199C /* PBXContainerItemProxy */;
		};
		7D6FA7F028329906003A199C /* PBXTargetDependency */ = {
			isa = PBXTargetDependency;
			target = 7D6FA7CD28329904003A199C /* notipush */;
			targetProxy = 7D6FA7EF28329906003A199C /* PBXContainerItemProxy */;
		};
/* End PBXTargetDependency section */

/* Begin PBXVariantGroup section */
		7D6FA7D728329904003A199C /* Main.storyboard */ = {
			isa = PBXVariantGroup;
			children = (
				7D6FA7D828329904003A199C /* Base */,
				7DF5B0902840C07700198D25 /* ja */,
			);
			name = Main.storyboard;
			sourceTree = "<group>";
		};
		7D6FA7DC28329906003A199C /* LaunchScreen.storyboard */ = {
			isa = PBXVariantGroup;
			children = (
				7D6FA7DD28329906003A199C /* Base */,
				7DF5B0912840C07700198D25 /* ja */,
			);
			name = LaunchScreen.storyboard;
			sourceTree = "<group>";
		};
/* End PBXVariantGroup section */

/* Begin XCBuildConfiguration section */
		7D6FA7F628329906003A199C /* Debug */ = {
			isa = XCBuildConfiguration;
			buildSettings = {
				ALWAYS_SEARCH_USER_PATHS = NO;
				CLANG_ANALYZER_LOCALIZABILITY_NONLOCALIZED = YES;
				CLANG_ANALYZER_NONNULL = YES;
				CLANG_ANALYZER_NUMBER_OBJECT_CONVERSION = YES_AGGRESSIVE;
				CLANG_CXX_LANGUAGE_STANDARD = "gnu++17";
				CLANG_ENABLE_MODULES = YES;
				CLANG_ENABLE_OBJC_ARC = YES;
				CLANG_ENABLE_OBJC_WEAK = YES;
				CLANG_WARN_BLOCK_CAPTURE_AUTORELEASING = YES;
				CLANG_WARN_BOOL_CONVERSION = YES;
				CLANG_WARN_COMMA = YES;
				CLANG_WARN_CONSTANT_CONVERSION = YES;
				CLANG_WARN_DEPRECATED_OBJC_IMPLEMENTATIONS = YES;
				CLANG_WARN_DIRECT_OBJC_ISA_USAGE = YES_ERROR;
				CLANG_WARN_DOCUMENTATION_COMMENTS = YES;
				CLANG_WARN_EMPTY_BODY = YES;
				CLANG_WARN_ENUM_CONVERSION = YES;
				CLANG_WARN_INFINITE_RECURSION = YES;
				CLANG_WARN_INT_CONVERSION = YES;
				CLANG_WARN_NON_LITERAL_NULL_CONVERSION = YES;
				CLANG_WARN_OBJC_IMPLICIT_RETAIN_SELF = YES;
				CLANG_WARN_OBJC_LITERAL_CONVERSION = YES;
				CLANG_WARN_OBJC_ROOT_CLASS = YES_ERROR;
				CLANG_WARN_QUOTED_INCLUDE_IN_FRAMEWORK_HEADER = YES;
				CLANG_WARN_RANGE_LOOP_ANALYSIS = YES;
				CLANG_WARN_STRICT_PROTOTYPES = YES;
				CLANG_WARN_SUSPICIOUS_MOVE = YES;
				CLANG_WARN_UNGUARDED_AVAILABILITY = YES_AGGRESSIVE;
				CLANG_WARN_UNREACHABLE_CODE = YES;
				CLANG_WARN__DUPLICATE_METHOD_MATCH = YES;
				COPY_PHASE_STRIP = NO;
				DEBUG_INFORMATION_FORMAT = dwarf;
				ENABLE_STRICT_OBJC_MSGSEND = YES;
				ENABLE_TESTABILITY = YES;
				GCC_C_LANGUAGE_STANDARD = gnu11;
				GCC_DYNAMIC_NO_PIC = NO;
				GCC_NO_COMMON_BLOCKS = YES;
				GCC_OPTIMIZATION_LEVEL = 0;
				GCC_PREPROCESSOR_DEFINITIONS = (
					"DEBUG=1",
					"$(inherited)",
				);
				GCC_WARN_64_TO_32_BIT_CONVERSION = YES;
				GCC_WARN_ABOUT_RETURN_TYPE = YES_ERROR;
				GCC_WARN_UNDECLARED_SELECTOR = YES;
				GCC_WARN_UNINITIALIZED_AUTOS = YES_AGGRESSIVE;
				GCC_WARN_UNUSED_FUNCTION = YES;
				GCC_WARN_UNUSED_VARIABLE = YES;
				IPHONEOS_DEPLOYMENT_TARGET = 15.0;
				MTL_ENABLE_DEBUG_INFO = INCLUDE_SOURCE;
				MTL_FAST_MATH = YES;
				ONLY_ACTIVE_ARCH = YES;
				SDKROOT = iphoneos;
				SWIFT_ACTIVE_COMPILATION_CONDITIONS = DEBUG;
				SWIFT_OPTIMIZATION_LEVEL = "-Onone";
			};
			name = Debug;
		};
		7D6FA7F728329906003A199C /* Release */ = {
			isa = XCBuildConfiguration;
			buildSettings = {
				ALWAYS_SEARCH_USER_PATHS = NO;
				CLANG_ANALYZER_LOCALIZABILITY_NONLOCALIZED = YES;
				CLANG_ANALYZER_NONNULL = YES;
				CLANG_ANALYZER_NUMBER_OBJECT_CONVERSION = YES_AGGRESSIVE;
				CLANG_CXX_LANGUAGE_STANDARD = "gnu++17";
				CLANG_ENABLE_MODULES = YES;
				CLANG_ENABLE_OBJC_ARC = YES;
				CLANG_ENABLE_OBJC_WEAK = YES;
				CLANG_WARN_BLOCK_CAPTURE_AUTORELEASING = YES;
				CLANG_WARN_BOOL_CONVERSION = YES;
				CLANG_WARN_COMMA = YES;
				CLANG_WARN_CONSTANT_CONVERSION = YES;
				CLANG_WARN_DEPRECATED_OBJC_IMPLEMENTATIONS = YES;
				CLANG_WARN_DIRECT_OBJC_ISA_USAGE = YES_ERROR;
				CLANG_WARN_DOCUMENTATION_COMMENTS = YES;
				CLANG_WARN_EMPTY_BODY = YES;
				CLANG_WARN_ENUM_CONVERSION = YES;
				CLANG_WARN_INFINITE_RECURSION = YES;
				CLANG_WARN_INT_CONVERSION = YES;
				CLANG_WARN_NON_LITERAL_NULL_CONVERSION = YES;
				CLANG_WARN_OBJC_IMPLICIT_RETAIN_SELF = YES;
				CLANG_WARN_OBJC_LITERAL_CONVERSION = YES;
				CLANG_WARN_OBJC_ROOT_CLASS = YES_ERROR;
				CLANG_WARN_QUOTED_INCLUDE_IN_FRAMEWORK_HEADER = YES;
				CLANG_WARN_RANGE_LOOP_ANALYSIS = YES;
				CLANG_WARN_STRICT_PROTOTYPES = YES;
				CLANG_WARN_SUSPICIOUS_MOVE = YES;
				CLANG_WARN_UNGUARDED_AVAILABILITY = YES_AGGRESSIVE;
				CLANG_WARN_UNREACHABLE_CODE = YES;
				CLANG_WARN__DUPLICATE_METHOD_MATCH = YES;
				COPY_PHASE_STRIP = NO;
				DEBUG_INFORMATION_FORMAT = "dwarf-with-dsym";
				ENABLE_NS_ASSERTIONS = NO;
				ENABLE_STRICT_OBJC_MSGSEND = YES;
				GCC_C_LANGUAGE_STANDARD = gnu11;
				GCC_NO_COMMON_BLOCKS = YES;
				GCC_WARN_64_TO_32_BIT_CONVERSION = YES;
				GCC_WARN_ABOUT_RETURN_TYPE = YES_ERROR;
				GCC_WARN_UNDECLARED_SELECTOR = YES;
				GCC_WARN_UNINITIALIZED_AUTOS = YES_AGGRESSIVE;
				GCC_WARN_UNUSED_FUNCTION = YES;
				GCC_WARN_UNUSED_VARIABLE = YES;
				IPHONEOS_DEPLOYMENT_TARGET = 15.0;
				MTL_ENABLE_DEBUG_INFO = NO;
				MTL_FAST_MATH = YES;
				SDKROOT = iphoneos;
				SWIFT_COMPILATION_MODE = wholemodule;
				SWIFT_OPTIMIZATION_LEVEL = "-O";
				VALIDATE_PRODUCT = YES;
			};
			name = Release;
		};
		7D6FA7F928329906003A199C /* Debug */ = {
			isa = XCBuildConfiguration;
			baseConfigurationReference = 1F348A1CD3B03A6C254C5141 /* Pods-notipush.debug.xcconfig */;
			buildSettings = {
				ASSETCATALOG_COMPILER_APPICON_NAME = AppIcon;
				ASSETCATALOG_COMPILER_GLOBAL_ACCENT_COLOR_NAME = AccentColor;
				CODE_SIGN_ENTITLEMENTS = notipush/notipush.entitlements;
				CODE_SIGN_STYLE = Automatic;
				CURRENT_PROJECT_VERSION = 1;
				DEVELOPMENT_TEAM = 38C2C7JWCY;
				GENERATE_INFOPLIST_FILE = YES;
				INFOPLIST_FILE = notipush/Info.plist;
				INFOPLIST_KEY_CFBundleDisplayName = "メモ通知";
				INFOPLIST_KEY_NSUserTrackingUsageDescription = "お客様にとって関心のある広告を選択する為にのみ利用します。";
				INFOPLIST_KEY_UIApplicationSupportsIndirectInputEvents = YES;
				INFOPLIST_KEY_UILaunchStoryboardName = LaunchScreen;
				INFOPLIST_KEY_UIMainStoryboardFile = Main;
				INFOPLIST_KEY_UISupportedInterfaceOrientations = UIInterfaceOrientationPortrait;
				INFOPLIST_KEY_UISupportedInterfaceOrientations_iPad = "UIInterfaceOrientationPortrait UIInterfaceOrientationPortraitUpsideDown UIInterfaceOrientationLandscapeLeft UIInterfaceOrientationLandscapeRight";
				INFOPLIST_KEY_UISupportedInterfaceOrientations_iPhone = UIInterfaceOrientationPortrait;
				INFOPLIST_KEY_UIUserInterfaceStyle = Light;
				LD_RUNPATH_SEARCH_PATHS = (
					"$(inherited)",
					"@executable_path/Frameworks",
				);
				MARKETING_VERSION = 1.0.2;
				PRODUCT_BUNDLE_IDENTIFIER = yidao.notipush.2;
				PRODUCT_NAME = "$(TARGET_NAME)";
				SWIFT_EMIT_LOC_STRINGS = YES;
				SWIFT_VERSION = 5.0;
				TARGETED_DEVICE_FAMILY = 1;
			};
			name = Debug;
		};
		7D6FA7FA28329906003A199C /* Release */ = {
			isa = XCBuildConfiguration;
			baseConfigurationReference = 37E0FFF21785CD4D20F810D1 /* Pods-notipush.release.xcconfig */;
			buildSettings = {
				ASSETCATALOG_COMPILER_APPICON_NAME = AppIcon;
				ASSETCATALOG_COMPILER_GLOBAL_ACCENT_COLOR_NAME = AccentColor;
				CODE_SIGN_ENTITLEMENTS = notipush/notipush.entitlements;
				CODE_SIGN_STYLE = Automatic;
				CURRENT_PROJECT_VERSION = 1;
				DEVELOPMENT_TEAM = 38C2C7JWCY;
				GENERATE_INFOPLIST_FILE = YES;
				INFOPLIST_FILE = notipush/Info.plist;
				INFOPLIST_KEY_CFBundleDisplayName = "メモ通知";
				INFOPLIST_KEY_NSUserTrackingUsageDescription = "お客様にとって関心のある広告を選択する為にのみ利用します。";
				INFOPLIST_KEY_UIApplicationSupportsIndirectInputEvents = YES;
				INFOPLIST_KEY_UILaunchStoryboardName = LaunchScreen;
				INFOPLIST_KEY_UIMainStoryboardFile = Main;
				INFOPLIST_KEY_UISupportedInterfaceOrientations = UIInterfaceOrientationPortrait;
				INFOPLIST_KEY_UISupportedInterfaceOrientations_iPad = "UIInterfaceOrientationPortrait UIInterfaceOrientationPortraitUpsideDown UIInterfaceOrientationLandscapeLeft UIInterfaceOrientationLandscapeRight";
				INFOPLIST_KEY_UISupportedInterfaceOrientations_iPhone = UIInterfaceOrientationPortrait;
				INFOPLIST_KEY_UIUserInterfaceStyle = Light;
				LD_RUNPATH_SEARCH_PATHS = (
					"$(inherited)",
					"@executable_path/Frameworks",
				);
				MARKETING_VERSION = 1.0.2;
				PRODUCT_BUNDLE_IDENTIFIER = yidao.notipush.2;
				PRODUCT_NAME = "$(TARGET_NAME)";
				SWIFT_EMIT_LOC_STRINGS = YES;
				SWIFT_VERSION = 5.0;
				TARGETED_DEVICE_FAMILY = 1;
			};
			name = Release;
		};
		7D6FA7FC28329906003A199C /* Debug */ = {
			isa = XCBuildConfiguration;
			baseConfigurationReference = 93A4C594AC8E86B5B01B7EC7 /* Pods-notipushTests.debug.xcconfig */;
			buildSettings = {
				ALWAYS_EMBED_SWIFT_STANDARD_LIBRARIES = YES;
				BUNDLE_LOADER = "$(TEST_HOST)";
				CODE_SIGN_STYLE = Automatic;
				CURRENT_PROJECT_VERSION = 1;
				DEVELOPMENT_TEAM = JBSZN5R6S9;
				GENERATE_INFOPLIST_FILE = YES;
				IPHONEOS_DEPLOYMENT_TARGET = 15.4;
				MARKETING_VERSION = 1.0;
				PRODUCT_BUNDLE_IDENTIFIER = yidao.notipushTests;
				PRODUCT_NAME = "$(TARGET_NAME)";
				SWIFT_EMIT_LOC_STRINGS = NO;
				SWIFT_VERSION = 5.0;
				TARGETED_DEVICE_FAMILY = "1,2";
				TEST_HOST = "$(BUILT_PRODUCTS_DIR)/notipush.app/notipush";
			};
			name = Debug;
		};
		7D6FA7FD28329906003A199C /* Release */ = {
			isa = XCBuildConfiguration;
			baseConfigurationReference = 3A5A8D5C58FEDDF3DAE4D855 /* Pods-notipushTests.release.xcconfig */;
			buildSettings = {
				ALWAYS_EMBED_SWIFT_STANDARD_LIBRARIES = YES;
				BUNDLE_LOADER = "$(TEST_HOST)";
				CODE_SIGN_STYLE = Automatic;
				CURRENT_PROJECT_VERSION = 1;
				DEVELOPMENT_TEAM = JBSZN5R6S9;
				GENERATE_INFOPLIST_FILE = YES;
				IPHONEOS_DEPLOYMENT_TARGET = 15.4;
				MARKETING_VERSION = 1.0;
				PRODUCT_BUNDLE_IDENTIFIER = yidao.notipushTests;
				PRODUCT_NAME = "$(TARGET_NAME)";
				SWIFT_EMIT_LOC_STRINGS = NO;
				SWIFT_VERSION = 5.0;
				TARGETED_DEVICE_FAMILY = "1,2";
				TEST_HOST = "$(BUILT_PRODUCTS_DIR)/notipush.app/notipush";
			};
			name = Release;
		};
		7D6FA7FF28329906003A199C /* Debug */ = {
			isa = XCBuildConfiguration;
			baseConfigurationReference = 44064906F6E3596724BE3E32 /* Pods-notipush-notipushUITests.debug.xcconfig */;
			buildSettings = {
				ALWAYS_EMBED_SWIFT_STANDARD_LIBRARIES = YES;
				CODE_SIGN_STYLE = Automatic;
				CURRENT_PROJECT_VERSION = 1;
				DEVELOPMENT_TEAM = JBSZN5R6S9;
				GENERATE_INFOPLIST_FILE = YES;
				MARKETING_VERSION = 1.0;
				PRODUCT_BUNDLE_IDENTIFIER = yidao.notipushUITests;
				PRODUCT_NAME = "$(TARGET_NAME)";
				SWIFT_EMIT_LOC_STRINGS = NO;
				SWIFT_VERSION = 5.0;
				TARGETED_DEVICE_FAMILY = "1,2";
				TEST_TARGET_NAME = notipush;
			};
			name = Debug;
		};
		7D6FA80028329906003A199C /* Release */ = {
			isa = XCBuildConfiguration;
			baseConfigurationReference = EB505E983DB767E7AE77A4DE /* Pods-notipush-notipushUITests.release.xcconfig */;
			buildSettings = {
				ALWAYS_EMBED_SWIFT_STANDARD_LIBRARIES = YES;
				CODE_SIGN_STYLE = Automatic;
				CURRENT_PROJECT_VERSION = 1;
				DEVELOPMENT_TEAM = JBSZN5R6S9;
				GENERATE_INFOPLIST_FILE = YES;
				MARKETING_VERSION = 1.0;
				PRODUCT_BUNDLE_IDENTIFIER = yidao.notipushUITests;
				PRODUCT_NAME = "$(TARGET_NAME)";
				SWIFT_EMIT_LOC_STRINGS = NO;
				SWIFT_VERSION = 5.0;
				TARGETED_DEVICE_FAMILY = "1,2";
				TEST_TARGET_NAME = notipush;
			};
			name = Release;
		};
/* End XCBuildConfiguration section */

/* Begin XCConfigurationList section */
		7D6FA7C928329904003A199C /* Build configuration list for PBXProject "notipush" */ = {
			isa = XCConfigurationList;
			buildConfigurations = (
				7D6FA7F628329906003A199C /* Debug */,
				7D6FA7F728329906003A199C /* Release */,
			);
			defaultConfigurationIsVisible = 0;
			defaultConfigurationName = Release;
		};
		7D6FA7F828329906003A199C /* Build configuration list for PBXNativeTarget "notipush" */ = {
			isa = XCConfigurationList;
			buildConfigurations = (
				7D6FA7F928329906003A199C /* Debug */,
				7D6FA7FA28329906003A199C /* Release */,
			);
			defaultConfigurationIsVisible = 0;
			defaultConfigurationName = Release;
		};
		7D6FA7FB28329906003A199C /* Build configuration list for PBXNativeTarget "notipushTests" */ = {
			isa = XCConfigurationList;
			buildConfigurations = (
				7D6FA7FC28329906003A199C /* Debug */,
				7D6FA7FD28329906003A199C /* Release */,
			);
			defaultConfigurationIsVisible = 0;
			defaultConfigurationName = Release;
		};
		7D6FA7FE28329906003A199C /* Build configuration list for PBXNativeTarget "notipushUITests" */ = {
			isa = XCConfigurationList;
			buildConfigurations = (
				7D6FA7FF28329906003A199C /* Debug */,
				7D6FA80028329906003A199C /* Release */,
			);
			defaultConfigurationIsVisible = 0;
			defaultConfigurationName = Release;
		};
/* End XCConfigurationList section */
	};
	rootObject = 7D6FA7C628329904003A199C /* Project object */;
}
